
Microsoft Visual Studio Solution File, Format Version 12.00
# Visual Studio Version 16
VisualStudioVersion = 16.0.32413.511
MinimumVisualStudioVersion = 10.0.40219.1
Project("{FAE04EC0-301F-11D3-BF4B-00C04F79EFBC}") = "WinServiceDemo", "WinServiceDemo.csproj", "{58B7EA2B-6101-41DB-8352-E8A5649FA2C9}"
EndProject
Global
	GlobalSection(SolutionConfigurationPlatforms) = preSolution
		Debug|Any CPU = Debug|Any CPU
		Production|Any CPU = Production|Any CPU
		Release|Any CPU = Release|Any CPU
		UAT|Any CPU = UAT|Any CPU
	EndGlobalSection
	GlobalSection(ProjectConfigurationPlatforms) = postSolution
		{58B7EA2B-6101-41DB-8352-E8A5649FA2C9}.Debug|Any CPU.ActiveCfg = Debug|Any CPU
		{58B7EA2B-6101-41DB-8352-E8A5649FA2C9}.Debug|Any CPU.Build.0 = Debug|Any CPU
		{58B7EA2B-6101-41DB-8352-E8A5649FA2C9}.Production|Any CPU.ActiveCfg = Production|Any CPU
		{58B7EA2B-6101-41DB-8352-E8A5649FA2C9}.Production|Any CPU.Build.0 = Production|Any CPU
		{58B7EA2B-6101-41DB-8352-E8A5649FA2C9}.Release|Any CPU.ActiveCfg = Release|Any CPU
		{58B7EA2B-6101-41DB-8352-E8A5649FA2C9}.Release|Any CPU.Build.0 = Release|Any CPU
		{58B7EA2B-6101-41DB-8352-E8A5649FA2C9}.UAT|Any CPU.ActiveCfg = UAT|Any CPU
		{58B7EA2B-6101-41DB-8352-E8A5649FA2C9}.UAT|Any CPU.Build.0 = UAT|Any CPU
	EndGlobalSection
	GlobalSection(SolutionProperties) = preSolution
		HideSolutionNode = FALSE
	EndGlobalSection
	GlobalSection(ExtensibilityGlobals) = postSolution
		SolutionGuid = {BA1E4E6B-6E7E-4519-A6B7-8BFE8D610120}
	EndGlobalSection
EndGlobal
